
Microsoft Visual Studio Solution File, Format Version 12.00
# Visual Studio Version 17
VisualStudioVersion = 17.3.32825.248
MinimumVisualStudioVersion = 10.0.40219.1
Project("{FAE04EC0-301F-11D3-BF4B-00C04F79EFBC}") = "Template_Project", "Template_Project\Template_Project.csproj", "{13C61CB0-23AD-40E8-824B-7D8D68052C0B}"
EndProject
Global
	GlobalSection(SolutionConfigurationPlatforms) = preSolution
		Debug|Any CPU = Debug|Any CPU
		Release|Any CPU = Release|Any CPU
	EndGlobalSection
	GlobalSection(ProjectConfigurationPlatforms) = postSolution
		{13C61CB0-23AD-40E8-824B-7D8D68052C0B}.Debug|Any CPU.ActiveCfg = Debug|Any CPU
		{13C61CB0-23AD-40E8-824B-7D8D68052C0B}.Debug|Any CPU.Build.0 = Debug|Any CPU
		{13C61CB0-23AD-40E8-824B-7D8D68052C0B}.Release|Any CPU.ActiveCfg = Release|Any CPU
		{13C61CB0-23AD-40E8-824B-7D8D68052C0B}.Release|Any CPU.Build.0 = Release|Any CPU
	EndGlobalSection
	GlobalSection(SolutionProperties) = preSolution
		HideSolutionNode = FALSE
	EndGlobalSection
	GlobalSection(ExtensibilityGlobals) = postSolution
		SolutionGuid = {EBFBCAA3-A621-49C8-804D-18906FFE364E}
	EndGlobalSection
EndGlobal
